{
  "requires": true,
  "lockfileVersion": 1,
  "dependencies": {
    "@syncfusion/ej2-base": {
      "version": "18.2.55",
      "resolved": "https://registry.npmjs.org/@syncfusion/ej2-base/-/ej2-base-18.2.55.tgz",
      "integrity": "sha512-3yBYQ2trjeLiApyXTrxTmMN3ToB9AxP6xxaMQHlTCQ8dSrKzyL2YWX7lX3x+mkNsC4wwvwhZu6T58RTl7zHmpQ==",
      "requires": {
        "@syncfusion/ej2-icons": "~18.2.54"
      }
    },
    "@syncfusion/ej2-buttons": {
      "version": "18.2.54",
      "resolved": "https://registry.npmjs.org/@syncfusion/ej2-buttons/-/ej2-buttons-18.2.54.tgz",
      "integrity": "sha512-CQ8KEjuu9T6lNL7RG+70XuZW7QaS6NYZuvl4Pqt3JMpQUmfoiQbQWnw3uXSzqof9wPAXGO6wbi2uJ2dEonQ/3g==",
      "requires": {
        "@syncfusion/ej2-base": "~18.2.54"
      }
    },
    "@syncfusion/ej2-data": {
      "version": "18.2.54",
      "resolved": "https://registry.npmjs.org/@syncfusion/ej2-data/-/ej2-data-18.2.54.tgz",
      "integrity": "sha512-wjP0yQFynyV30EhTkdwrAP6f7DTfTKGDloee8x+g6n8j7coRyYYmELas9F1UdSOK7sIDJQ39GcAjmhQhZZqaBg==",
      "requires": {
        "@syncfusion/ej2-base": "~18.2.54"
      }
    },
    "@syncfusion/ej2-dropdowns": {
      "version": "18.2.55",
      "resolved": "https://registry.npmjs.org/@syncfusion/ej2-dropdowns/-/ej2-dropdowns-18.2.55.tgz",
      "integrity": "sha512-gu2AoHgsMEX5DmYnUUqHi3b3YZhoXthlyUdFUtg0GkoQwkAV/CncvUKFKTtpUcnaIN+GaY167jZi4p0xwQbrAg==",
      "requires": {
        "@syncfusion/ej2-base": "~18.2.55",
        "@syncfusion/ej2-data": "~18.2.54",
        "@syncfusion/ej2-inputs": "~18.2.54",
        "@syncfusion/ej2-lists": "~18.2.54",
        "@syncfusion/ej2-navigations": "~18.2.55",
        "@syncfusion/ej2-popups": "~18.2.54"
      }
    },
    "@syncfusion/ej2-icons": {
      "version": "18.2.54",
      "resolved": "https://registry.npmjs.org/@syncfusion/ej2-icons/-/ej2-icons-18.2.54.tgz",
      "integrity": "sha512-KheTKLmj9BgiQdp/yJ2JTTvCB1KQK134uGDBx6A5/J+8+mVTqOWwzZhqxzUIYpUhWtt1/gKohkjF86CZ/Ucs3A=="
    },
    "@syncfusion/ej2-inputs": {
      "version": "18.2.54",
      "resolved": "https://registry.npmjs.org/@syncfusion/ej2-inputs/-/ej2-inputs-18.2.54.tgz",
      "integrity": "sha512-U8SEdBtXT/qt1PiSXXtf28n0fvlBqnbsqIaK2FL/2veycY2dIJuXLuExc48ea0ii5DxY0MUyRtlJuUAPDJ+Y1w==",
      "requires": {
        "@syncfusion/ej2-base": "~18.2.54",
        "@syncfusion/ej2-buttons": "~18.2.54",
        "@syncfusion/ej2-popups": "~18.2.54",
        "@syncfusion/ej2-splitbuttons": "~18.2.54"
      }
    },
    "@syncfusion/ej2-lists": {
      "version": "18.2.54",
      "resolved": "https://registry.npmjs.org/@syncfusion/ej2-lists/-/ej2-lists-18.2.54.tgz",
      "integrity": "sha512-I2ch8wyU8GHXZ3P+Eqr3AXI5IUyYDrebwJ4NvMOG03/ELmYnNfTyrwZg29rgoVnTjzYp0Kowswug2T7PT2KvwQ==",
      "requires": {
        "@syncfusion/ej2-base": "~18.2.54",
        "@syncfusion/ej2-buttons": "~18.2.54",
        "@syncfusion/ej2-data": "~18.2.54"
      }
    },
    "@syncfusion/ej2-navigations": {
      "version": "18.2.55",
      "resolved": "https://registry.npmjs.org/@syncfusion/ej2-navigations/-/ej2-navigations-18.2.55.tgz",
      "integrity": "sha512-Um3kF5ISFrDT5C2nK1zYtrda9OYd/CIHUf+K8BNtt3wI4gESbU1t94kfNIPUuwFjrBMZessiqt0Dx7KZAlDSEg==",
      "requires": {
        "@syncfusion/ej2-base": "~18.2.55",
        "@syncfusion/ej2-buttons": "~18.2.54",
        "@syncfusion/ej2-data": "~18.2.54",
        "@syncfusion/ej2-inputs": "~18.2.54",
        "@syncfusion/ej2-lists": "~18.2.54",
        "@syncfusion/ej2-popups": "~18.2.54"
      }
    },
    "@syncfusion/ej2-popups": {
      "version": "18.2.54",
      "resolved": "https://registry.npmjs.org/@syncfusion/ej2-popups/-/ej2-popups-18.2.54.tgz",
      "integrity": "sha512-jcXgGIq4hIyuVQtr+D95trmPdky0Tfop1X7Bd6w65Vk3+WmWEvtUsHeIrjhlRcijfMe47Fwl2PbOhm6v7GkXZw==",
      "requires": {
        "@syncfusion/ej2-base": "~18.2.54",
        "@syncfusion/ej2-buttons": "~18.2.54"
      }
    },
    "@syncfusion/ej2-splitbuttons": {
      "version": "18.2.54",
      "resolved": "https://registry.npmjs.org/@syncfusion/ej2-splitbuttons/-/ej2-splitbuttons-18.2.54.tgz",
      "integrity": "sha512-F7LpcYY1X5hPXreA68S4lHNpIKxn5Qza+v6/AWIxpHJ4tlN5zUqzbwmGi6NoRMdOq2RnwGnFRCig/T2cw0QnLg==",
      "requires": {
        "@syncfusion/ej2-base": "~18.2.54",
        "@syncfusion/ej2-popups": "~18.2.54"
      }
    },
    "@syncfusion/ej2-vue-base": {
      "version": "18.2.54",
      "resolved": "https://registry.npmjs.org/@syncfusion/ej2-vue-base/-/ej2-vue-base-18.2.54.tgz",
      "integrity": "sha512-fCl4sFOZvfCHdjHeW4v0FpB6JOLxFoXl+BH6djUQJdIfswbfxIT3YpeuPyW65gYLRQfjPHnf8mbbYXS4Px/wUQ==",
      "requires": {
        "@syncfusion/ej2-base": "~18.2.54"
      }
    },
    "@syncfusion/ej2-vue-dropdowns": {
      "version": "18.2.55",
      "resolved": "https://registry.npmjs.org/@syncfusion/ej2-vue-dropdowns/-/ej2-vue-dropdowns-18.2.55.tgz",
      "integrity": "sha512-gZeZiMwMMHHdaayT15ld8wqg6ivtc1fV+eUXoGg2xbUAJJSHNXs7BnujBm4O2iFWSY2C1B+samoYLjpUqVT1jQ==",
      "requires": {
        "@syncfusion/ej2-base": "~18.2.55",
        "@syncfusion/ej2-dropdowns": "18.2.55",
        "@syncfusion/ej2-vue-base": "~18.2.54"
      }
    }
  }
}
